
Microsoft Visual Studio Solution File, Format Version 12.00
# Visual Studio Version 17
VisualStudioVersion = 17.0.31912.275
MinimumVisualStudioVersion = 10.0.40219.1
Project("{FAE04EC0-301F-11D3-BF4B-00C04F79EFBC}") = "HackFrontend", "HackFrontend\HackFrontend.csproj", "{2D5C1B7B-3D8C-41EC-B6FC-F6E7AF15E8B4}"
EndProject
Global
	GlobalSection(SolutionConfigurationPlatforms) = preSolution
		Debug|Any CPU = Debug|Any CPU
		Release|Any CPU = Release|Any CPU
	EndGlobalSection
	GlobalSection(ProjectConfigurationPlatforms) = postSolution
		{2D5C1B7B-3D8C-41EC-B6FC-F6E7AF15E8B4}.Debug|Any CPU.ActiveCfg = Debug|Any CPU
		{2D5C1B7B-3D8C-41EC-B6FC-F6E7AF15E8B4}.Debug|Any CPU.Build.0 = Debug|Any CPU
		{2D5C1B7B-3D8C-41EC-B6FC-F6E7AF15E8B4}.Release|Any CPU.ActiveCfg = Release|Any CPU
		{2D5C1B7B-3D8C-41EC-B6FC-F6E7AF15E8B4}.Release|Any CPU.Build.0 = Release|Any CPU
	EndGlobalSection
	GlobalSection(SolutionProperties) = preSolution
		HideSolutionNode = FALSE
	EndGlobalSection
	GlobalSection(ExtensibilityGlobals) = postSolution
		SolutionGuid = {5CB1DF2B-7130-4AA9-8238-228B03CC415B}
	EndGlobalSection
EndGlobal
